// !$*UTF8*$!
{
	archiveVersion = 1;
	classes = {
	};
	objectVersion = 50;
	objects = {

/* Begin PBXBuildFile section */
		F2120D6B2336B9F0007AA66F /* AppDelegate.swift in Sources */ = {isa = PBXBuildFile; fileRef = F2120D6A2336B9F0007AA66F /* AppDelegate.swift */; };
		F2120D6D2336B9F0007AA66F /* NewsfeedTableViewController.swift in Sources */ = {isa = PBXBuildFile; fileRef = F2120D6C2336B9F0007AA66F /* NewsfeedTableViewController.swift */; };
		F2120D702336B9F0007AA66F /* Main.storyboard in Resources */ = {isa = PBXBuildFile; fileRef = F2120D6E2336B9F0007AA66F /* Main.storyboard */; };
		F2120D722336B9F2007AA66F /* Assets.xcassets in Resources */ = {isa = PBXBuildFile; fileRef = F2120D712336B9F2007AA66F /* Assets.xcassets */; };
		F2120D752336B9F2007AA66F /* LaunchScreen.storyboard in Resources */ = {isa = PBXBuildFile; fileRef = F2120D732336B9F2007AA66F /* LaunchScreen.storyboard */; };
		F2120D7D2336BA51007AA66F /* NewsItem.swift in Sources */ = {isa = PBXBuildFile; fileRef = F2120D7C2336BA51007AA66F /* NewsItem.swift */; };
/* End PBXBuildFile section */

/* Begin PBXFileReference section */
		F2120D672336B9F0007AA66F /* newsfeed.app */ = {isa = PBXFileReference; explicitFileType = wrapper.application; includeInIndex = 0; path = newsfeed.app; sourceTree = BUILT_PRODUCTS_DIR; };
		F2120D6A2336B9F0007AA66F /* AppDelegate.swift */ = {isa = PBXFileReference; lastKnownFileType = sourcecode.swift; path = AppDelegate.swift; sourceTree = "<group>"; };
		F2120D6C2336B9F0007AA66F /* NewsfeedTableViewController.swift */ = {isa = PBXFileReference; lastKnownFileType = sourcecode.swift; path = NewsfeedTableViewController.swift; sourceTree = "<group>"; };
		F2120D6F2336B9F0007AA66F /* Base */ = {isa = PBXFileReference; lastKnownFileType = file.storyboard; name = Base; path = Base.lproj/Main.storyboard; sourceTree = "<group>"; };
		F2120D712336B9F2007AA66F /* Assets.xcassets */ = {isa = PBXFileReference; lastKnownFileType = folder.assetcatalog; path = Assets.xcassets; sourceTree = "<group>"; };
		F2120D742336B9F2007AA66F /* Base */ = {isa = PBXFileReference; lastKnownFileType = file.storyboard; name = Base; path = Base.lproj/LaunchScreen.storyboard; sourceTree = "<group>"; };
		F2120D762336B9F2007AA66F /* Info.plist */ = {isa = PBXFileReference; lastKnownFileType = text.plist.xml; path = Info.plist; sourceTree = "<group>"; };
		F2120D7C2336BA51007AA66F /* NewsItem.swift */ = {isa = PBXFileReference; lastKnownFileType = sourcecode.swift; path = NewsItem.swift; sourceTree = "<group>"; };
/* End PBXFileReference section */

/* Begin PBXFrameworksBuildPhase section */
		F2120D642336B9F0007AA66F /* Frameworks */ = {
			isa = PBXFrameworksBuildPhase;
			buildActionMask = 2147483647;
			files = (
			);
			runOnlyForDeploymentPostprocessing = 0;
		};
/* End PBXFrameworksBuildPhase section */

/* Begin PBXGroup section */
		F2120D5E2336B9F0007AA66F = {
			isa = PBXGroup;
			children = (
				F2120D692336B9F0007AA66F /* newsfeed */,
				F2120D682336B9F0007AA66F /* Products */,
			);
			sourceTree = "<group>";
		};
		F2120D682336B9F0007AA66F /* Products */ = {
			isa = PBXGroup;
			children = (
				F2120D672336B9F0007AA66F /* newsfeed.app */,
			);
			name = Products;
			sourceTree = "<group>";
		};
		F2120D692336B9F0007AA66F /* newsfeed */ = {
			isa = PBXGroup;
			children = (
				F2120D6A2336B9F0007AA66F /* AppDelegate.swift */,
				F2120D6C2336B9F0007AA66F /* NewsfeedTableViewController.swift */,
				F2120D7C2336BA51007AA66F /* NewsItem.swift */,
				F2120D6E2336B9F0007AA66F /* Main.storyboard */,
				F2120D712336B9F2007AA66F /* Assets.xcassets */,
				F2120D732336B9F2007AA66F /* LaunchScreen.storyboard */,
				F2120D762336B9F2007AA66F /* Info.plist */,
			);
			path = newsfeed;
			sourceTree = "<group>";
		};
/* End PBXGroup section */

/* Begin PBXNativeTarget section */
		F2120D662336B9F0007AA66F /* newsfeed */ = {
			isa = PBXNativeTarget;
			buildConfigurationList = F2120D792336B9F2007AA66F /* Build configuration list for PBXNativeTarget "newsfeed" */;
			buildPhases = (
				F2120D632336B9F0007AA66F /* Sources */,
				F2120D642336B9F0007AA66F /* Frameworks */,
				F2120D652336B9F0007AA66F /* Resources */,
			);
			buildRules = (
			);
			dependencies = (
			);
			name = newsfeed;
			productName = "app2-newsfeed";
			productReference = F2120D672336B9F0007AA66F /* newsfeed.app */;
			productType = "com.apple.product-type.application";
		};
/* End PBXNativeTarget section */

/* Begin PBXProject section */
		F2120D5F2336B9F0007AA66F /* Project object */ = {
			isa = PBXProject;
			attributes = {
				LastSwiftUpdateCheck = 1030;
				LastUpgradeCheck = 1030;
				ORGANIZATIONNAME = "Dominic Holmes";
				TargetAttributes = {
					F2120D662336B9F0007AA66F = {
						CreatedOnToolsVersion = 10.3;
					};
				};
			};
			buildConfigurationList = F2120D622336B9F0007AA66F /* Build configuration list for PBXProject "newsfeed" */;
			compatibilityVersion = "Xcode 9.3";
			developmentRegion = en;
			hasScannedForEncodings = 0;
			knownRegions = (
				en,
				Base,
			);
			mainGroup = F2120D5E2336B9F0007AA66F;
			productRefGroup = F2120D682336B9F0007AA66F /* Products */;
			projectDirPath = "";
			projectRoot = "";
			targets = (
				F2120D662336B9F0007AA66F /* newsfeed */,
			);
		};
/* End PBXProject section */

/* Begin PBXResourcesBuildPhase section */
		F2120D652336B9F0007AA66F /* Resources */ = {
			isa = PBXResourcesBuildPhase;
			buildActionMask = 2147483647;
			files = (
				F2120D752336B9F2007AA66F /* LaunchScreen.storyboard in Resources */,
				F2120D722336B9F2007AA66F /* Assets.xcassets in Resources */,
				F2120D702336B9F0007AA66F /* Main.storyboard in Resources */,
			);
			runOnlyForDeploymentPostprocessing = 0;
		};
/* End PBXResourcesBuildPhase section */

/* Begin PBXSourcesBuildPhase section */
		F2120D632336B9F0007AA66F /* Sources */ = {
			isa = PBXSourcesBuildPhase;
			buildActionMask = 2147483647;
			files = (
				F2120D6D2336B9F0007AA66F /* NewsfeedTableViewController.swift in Sources */,
				F2120D7D2336BA51007AA66F /* NewsItem.swift in Sources */,
				F2120D6B2336B9F0007AA66F /* AppDelegate.swift in Sources */,
			);
			runOnlyForDeploymentPostprocessing = 0;
		};
/* End PBXSourcesBuildPhase section */

/* Begin PBXVariantGroup section */
		F2120D6E2336B9F0007AA66F /* Main.storyboard */ = {
			isa = PBXVariantGroup;
			children = (
				F2120D6F2336B9F0007AA66F /* Base */,
			);
			name = Main.storyboard;
			sourceTree = "<group>";
		};
		F2120D732336B9F2007AA66F /* LaunchScreen.storyboard */ = {
			isa = PBXVariantGroup;
			children = (
				F2120D742336B9F2007AA66F /* Base */,
			);
			name = LaunchScreen.storyboard;
			sourceTree = "<group>";
		};
/* End PBXVariantGroup section */

/* Begin XCBuildConfiguration section */
		F2120D772336B9F2007AA66F /* Debug */ = {
			isa = XCBuildConfiguration;
			buildSettings = {
				ALWAYS_SEARCH_USER_PATHS = NO;
				CLANG_ANALYZER_NONNULL = YES;
				CLANG_ANALYZER_NUMBER_OBJECT_CONVERSION = YES_AGGRESSIVE;
				CLANG_CXX_LANGUAGE_STANDARD = "gnu++14";
				CLANG_CXX_LIBRARY = "libc++";
				CLANG_ENABLE_MODULES = YES;
				CLANG_ENABLE_OBJC_ARC = YES;
				CLANG_ENABLE_OBJC_WEAK = YES;
				CLANG_WARN_BLOCK_CAPTURE_AUTORELEASING = YES;
				CLANG_WARN_BOOL_CONVERSION = YES;
				CLANG_WARN_COMMA = YES;
				CLANG_WARN_CONSTANT_CONVERSION = YES;
				CLANG_WARN_DEPRECATED_OBJC_IMPLEMENTATIONS = YES;
				CLANG_WARN_DIRECT_OBJC_ISA_USAGE = YES_ERROR;
				CLANG_WARN_DOCUMENTATION_COMMENTS = YES;
				CLANG_WARN_EMPTY_BODY = YES;
				CLANG_WARN_ENUM_CONVERSION = YES;
				CLANG_WARN_INFINITE_RECURSION = YES;
				CLANG_WARN_INT_CONVERSION = YES;
				CLANG_WARN_NON_LITERAL_NULL_CONVERSION = YES;
				CLANG_WARN_OBJC_IMPLICIT_RETAIN_SELF = YES;
				CLANG_WARN_OBJC_LITERAL_CONVERSION = YES;
				CLANG_WARN_OBJC_ROOT_CLASS = YES_ERROR;
				CLANG_WARN_RANGE_LOOP_ANALYSIS = YES;
				CLANG_WARN_STRICT_PROTOTYPES = YES;
				CLANG_WARN_SUSPICIOUS_MOVE = YES;
				CLANG_WARN_UNGUARDED_AVAILABILITY = YES_AGGRESSIVE;
				CLANG_WARN_UNREACHABLE_CODE = YES;
				CLANG_WARN__DUPLICATE_METHOD_MATCH = YES;
				CODE_SIGN_IDENTITY = "iPhone Developer";
				COPY_PHASE_STRIP = NO;
				DEBUG_INFORMATION_FORMAT = dwarf;
				ENABLE_STRICT_OBJC_MSGSEND = YES;
				ENABLE_TESTABILITY = YES;
				GCC_C_LANGUAGE_STANDARD = gnu11;
				GCC_DYNAMIC_NO_PIC = NO;
				GCC_NO_COMMON_BLOCKS = YES;
				GCC_OPTIMIZATION_LEVEL = 0;
				GCC_PREPROCESSOR_DEFINITIONS = (
					"DEBUG=1",
					"$(inherited)",
				);
				GCC_WARN_64_TO_32_BIT_CONVERSION = YES;
				GCC_WARN_ABOUT_RETURN_TYPE = YES_ERROR;
				GCC_WARN_UNDECLARED_SELECTOR = YES;
				GCC_WARN_UNINITIALIZED_AUTOS = YES_AGGRESSIVE;
				GCC_WARN_UNUSED_FUNCTION = YES;
				GCC_WARN_UNUSED_VARIABLE = YES;
				IPHONEOS_DEPLOYMENT_TARGET = 12.4;
				MTL_ENABLE_DEBUG_INFO = INCLUDE_SOURCE;
				MTL_FAST_MATH = YES;
				ONLY_ACTIVE_ARCH = YES;
				SDKROOT = iphoneos;
				SWIFT_ACTIVE_COMPILATION_CONDITIONS = DEBUG;
				SWIFT_OPTIMIZATION_LEVEL = "-Onone";
			};
			name = Debug;
		};
		F2120D782336B9F2007AA66F /* Release */ = {
			isa = XCBuildConfiguration;
			buildSettings = {
				ALWAYS_SEARCH_USER_PATHS = NO;
				CLANG_ANALYZER_NONNULL = YES;
				CLANG_ANALYZER_NUMBER_OBJECT_CONVERSION = YES_AGGRESSIVE;
				CLANG_CXX_LANGUAGE_STANDARD = "gnu++14";
				CLANG_CXX_LIBRARY = "libc++";
				CLANG_ENABLE_MODULES = YES;
				CLANG_ENABLE_OBJC_ARC = YES;
				CLANG_ENABLE_OBJC_WEAK = YES;
				CLANG_WARN_BLOCK_CAPTURE_AUTORELEASING = YES;
				CLANG_WARN_BOOL_CONVERSION = YES;
				CLANG_WARN_COMMA = YES;
				CLANG_WARN_CONSTANT_CONVERSION = YES;
				CLANG_WARN_DEPRECATED_OBJC_IMPLEMENTATIONS = YES;
				CLANG_WARN_DIRECT_OBJC_ISA_USAGE = YES_ERROR;
				CLANG_WARN_DOCUMENTATION_COMMENTS = YES;
				CLANG_WARN_EMPTY_BODY = YES;
				CLANG_WARN_ENUM_CONVERSION = YES;
				CLANG_WARN_INFINITE_RECURSION = YES;
				CLANG_WARN_INT_CONVERSION = YES;
				CLANG_WARN_NON_LITERAL_NULL_CONVERSION = YES;
				CLANG_WARN_OBJC_IMPLICIT_RETAIN_SELF = YES;
				CLANG_WARN_OBJC_LITERAL_CONVERSION = YES;
				CLANG_WARN_OBJC_ROOT_CLASS = YES_ERROR;
				CLANG_WARN_RANGE_LOOP_ANALYSIS = YES;
				CLANG_WARN_STRICT_PROTOTYPES = YES;
				CLANG_WARN_SUSPICIOUS_MOVE = YES;
				CLANG_WARN_UNGUARDED_AVAILABILITY = YES_AGGRESSIVE;
				CLANG_WARN_UNREACHABLE_CODE = YES;
				CLANG_WARN__DUPLICATE_METHOD_MATCH = YES;
				CODE_SIGN_IDENTITY = "iPhone Developer";
				COPY_PHASE_STRIP = NO;
				DEBUG_INFORMATION_FORMAT = "dwarf-with-dsym";
				ENABLE_NS_ASSERTIONS = NO;
				ENABLE_STRICT_OBJC_MSGSEND = YES;
				GCC_C_LANGUAGE_STANDARD = gnu11;
				GCC_NO_COMMON_BLOCKS = YES;
				GCC_WARN_64_TO_32_BIT_CONVERSION = YES;
				GCC_WARN_ABOUT_RETURN_TYPE = YES_ERROR;
				GCC_WARN_UNDECLARED_SELECTOR = YES;
				GCC_WARN_UNINITIALIZED_AUTOS = YES_AGGRESSIVE;
				GCC_WARN_UNUSED_FUNCTION = YES;
				GCC_WARN_UNUSED_VARIABLE = YES;
				IPHONEOS_DEPLOYMENT_TARGET = 12.4;
				MTL_ENABLE_DEBUG_INFO = NO;
				MTL_FAST_MATH = YES;
				SDKROOT = iphoneos;
				SWIFT_COMPILATION_MODE = wholemodule;
				SWIFT_OPTIMIZATION_LEVEL = "-O";
				VALIDATE_PRODUCT = YES;
			};
			name = Release;
		};
		F2120D7A2336B9F2007AA66F /* Debug */ = {
			isa = XCBuildConfiguration;
			buildSettings = {
				ASSETCATALOG_COMPILER_APPICON_NAME = AppIcon;
				CODE_SIGN_STYLE = Automatic;
				DEVELOPMENT_TEAM = "";
				INFOPLIST_FILE = "$(SRCROOT)/app-2-newsfeed/Info.plist";
				LD_RUNPATH_SEARCH_PATHS = (
					"$(inherited)",
					"@executable_path/Frameworks",
				);
				PRODUCT_BUNDLE_IDENTIFIER = "land.dominic.app3-newsfeed";
				PRODUCT_NAME = newsfeed;
				SWIFT_VERSION = 5.0;
				TARGETED_DEVICE_FAMILY = "1,2";
			};
			name = Debug;
		};
		F2120D7B2336B9F2007AA66F /* Release */ = {
			isa = XCBuildConfiguration;
			buildSettings = {
				ASSETCATALOG_COMPILER_APPICON_NAME = AppIcon;
				CODE_SIGN_STYLE = Automatic;
				DEVELOPMENT_TEAM = "";
				INFOPLIST_FILE = "$(SRCROOT)/app-2-newsfeed/Info.plist";
				LD_RUNPATH_SEARCH_PATHS = (
					"$(inherited)",
					"@executable_path/Frameworks",
				);
				PRODUCT_BUNDLE_IDENTIFIER = "land.dominic.app3-newsfeed";
				PRODUCT_NAME = newsfeed;
				SWIFT_VERSION = 5.0;
				TARGETED_DEVICE_FAMILY = "1,2";
			};
			name = Release;
		};
/* End XCBuildConfiguration section */

/* Begin XCConfigurationList section */
		F2120D622336B9F0007AA66F /* Build configuration list for PBXProject "newsfeed" */ = {
			isa = XCConfigurationList;
			buildConfigurations = (
				F2120D772336B9F2007AA66F /* Debug */,
				F2120D782336B9F2007AA66F /* Release */,
			);
			defaultConfigurationIsVisible = 0;
			defaultConfigurationName = Release;
		};
		F2120D792336B9F2007AA66F /* Build configuration list for PBXNativeTarget "newsfeed" */ = {
			isa = XCConfigurationList;
			buildConfigurations = (
				F2120D7A2336B9F2007AA66F /* Debug */,
				F2120D7B2336B9F2007AA66F /* Release */,
			);
			defaultConfigurationIsVisible = 0;
			defaultConfigurationName = Release;
		};
/* End XCConfigurationList section */
	};
	rootObject = F2120D5F2336B9F0007AA66F /* Project object */;
}
